<?xml version="1.0" encoding="utf-8"?>
<Project ToolsVersion="4.0" xmlns="http://schemas.microsoft.com/developer/msbuild/2003">
  <ItemGroup>
    <Filter Include="Исходные файлы">
      <UniqueIdentifier>{4FC737F1-C7A5-4376-A066-2A32D752A2FF}</UniqueIdentifier>
      <Extensions>cpp;c;cc;cxx;c++;cppm;ixx;def;odl;idl;hpj;bat;asm;asmx</Extensions>
    </Filter>
    <Filter Include="Файлы заголовков">
      <UniqueIdentifier>{93995380-89BD-4b04-88EB-625FBE52EBFB}</UniqueIdentifier>
      <Extensions>h;hh;hpp;hxx;h++;hm;inl;inc;ipp;xsd</Extensions>
    </Filter>
    <Filter Include="Файлы ресурсов">
      <UniqueIdentifier>{67DA6AB6-F800-4c08-8B7A-83BB121AAD01}</UniqueIdentifier>
      <Extensions>rc;ico;cur;bmp;dlg;rc2;rct;bin;rgs;gif;jpg;jpeg;jpe;resx;tiff;tif;png;wav;mfcribbon-ms</Extensions>
    </Filter>
    <Filter Include="Исходные файлы\logic">
      <UniqueIdentifier>{c4f757e0-06da-4f45-a0c0-f9e9413d9372}</UniqueIdentifier>
    </Filter>
    <Filter Include="Исходные файлы\worker">
      <UniqueIdentifier>{b8719c7a-4d42-43fb-82df-91440d54ad1b}</UniqueIdentifier>
    </Filter>
    <Filter Include="Исходные файлы\excel">
      <UniqueIdentifier>{21e08465-1b7f-4f9d-a6bf-071e57a8b7f7}</UniqueIdentifier>
    </Filter>
    <Filter Include="Исходные файлы\testing">
      <UniqueIdentifier>{b1dae55b-2895-4fe7-b721-cd340b7397b8}</UniqueIdentifier>
    </Filter>
  </ItemGroup>
  <ItemGroup>
    <ClCompile Include="src\main.cpp">
      <Filter>Исходные файлы</Filter>
    </ClCompile>
    <ClCompile Include="src\excel\excel.cpp">
      <Filter>Исходные файлы\excel</Filter>
    </ClCompile>
    <ClCompile Include="src\logic\logic.cpp">
      <Filter>Исходные файлы\logic</Filter>
    </ClCompile>
    <ClCompile Include="src\worker\worker.cpp">
      <Filter>Исходные файлы\worker</Filter>
    </ClCompile>
    <ClCompile Include="src\testing\testing.cpp">
      <Filter>Исходные файлы\testing</Filter>
    </ClCompile>
  </ItemGroup>
  <ItemGroup>
    <ClInclude Include="src\testing\testing.h">
      <Filter>Исходные файлы\testing</Filter>
    </ClInclude>
    <ClInclude Include="src\worker\worker.h">
      <Filter>Исходные файлы\worker</Filter>
    </ClInclude>
    <ClInclude Include="src\excel\excel.h">
      <Filter>Исходные файлы\excel</Filter>
    </ClInclude>
    <ClInclude Include="src\logic\logic.h">
      <Filter>Исходные файлы\logic</Filter>
    </ClInclude>
  </ItemGroup>
</Project>